
Microsoft Visual Studio Solution File, Format Version 12.00
# Visual Studio Version 17
VisualStudioVersion = 17.8.34322.80
MinimumVisualStudioVersion = 10.0.40219.1
Project("{FAE04EC0-301F-11D3-BF4B-00C04F79EFBC}") = "CRUDoperation", "CRUDoperation\CRUDoperation.csproj", "{F40086E5-AB29-472F-8E15-8A8BEB9A2499}"
EndProject
Global
	GlobalSection(SolutionConfigurationPlatforms) = preSolution
		Debug|Any CPU = Debug|Any CPU
		Release|Any CPU = Release|Any CPU
	EndGlobalSection
	GlobalSection(ProjectConfigurationPlatforms) = postSolution
		{F40086E5-AB29-472F-8E15-8A8BEB9A2499}.Debug|Any CPU.ActiveCfg = Debug|Any CPU
		{F40086E5-AB29-472F-8E15-8A8BEB9A2499}.Debug|Any CPU.Build.0 = Debug|Any CPU
		{F40086E5-AB29-472F-8E15-8A8BEB9A2499}.Release|Any CPU.ActiveCfg = Release|Any CPU
		{F40086E5-AB29-472F-8E15-8A8BEB9A2499}.Release|Any CPU.Build.0 = Release|Any CPU
	EndGlobalSection
	GlobalSection(SolutionProperties) = preSolution
		HideSolutionNode = FALSE
	EndGlobalSection
	GlobalSection(ExtensibilityGlobals) = postSolution
		SolutionGuid = {F63EFA30-DDB5-4BB6-A402-3E6A15340336}
	EndGlobalSection
EndGlobal
